
Microsoft Visual Studio Solution File, Format Version 12.00
# Visual Studio Version 16
VisualStudioVersion = 16.0.30225.117
MinimumVisualStudioVersion = 10.0.40219.1
Project("{FAE04EC0-301F-11D3-BF4B-00C04F79EFBC}") = "Server", "Server\Server.csproj", "{FC95AECE-55FB-4404-A585-B7F363FE9873}"
EndProject
Global
	GlobalSection(SolutionConfigurationPlatforms) = preSolution
		Debug|Any CPU = Debug|Any CPU
		Release|Any CPU = Release|Any CPU
	EndGlobalSection
	GlobalSection(ProjectConfigurationPlatforms) = postSolution
		{FC95AECE-55FB-4404-A585-B7F363FE9873}.Debug|Any CPU.ActiveCfg = Debug|Any CPU
		{FC95AECE-55FB-4404-A585-B7F363FE9873}.Debug|Any CPU.Build.0 = Debug|Any CPU
		{FC95AECE-55FB-4404-A585-B7F363FE9873}.Release|Any CPU.ActiveCfg = Release|Any CPU
		{FC95AECE-55FB-4404-A585-B7F363FE9873}.Release|Any CPU.Build.0 = Release|Any CPU
	EndGlobalSection
	GlobalSection(SolutionProperties) = preSolution
		HideSolutionNode = FALSE
	EndGlobalSection
	GlobalSection(ExtensibilityGlobals) = postSolution
		SolutionGuid = {1A72AC15-5E49-46E6-AEBB-13BE30C8E705}
	EndGlobalSection
EndGlobal
