
Microsoft Visual Studio Solution File, Format Version 12.00
# Visual Studio Version 16
VisualStudioVersion = 16.0.30225.117
MinimumVisualStudioVersion = 10.0.40219.1
Project("{FAE04EC0-301F-11D3-BF4B-00C04F79EFBC}") = "Client", "Client\Client.csproj", "{1F75EB8E-D0C5-440A-B471-C0D4A9A6EF6B}"
EndProject
Global
	GlobalSection(SolutionConfigurationPlatforms) = preSolution
		Debug|Any CPU = Debug|Any CPU
		Release|Any CPU = Release|Any CPU
	EndGlobalSection
	GlobalSection(ProjectConfigurationPlatforms) = postSolution
		{1F75EB8E-D0C5-440A-B471-C0D4A9A6EF6B}.Debug|Any CPU.ActiveCfg = Debug|Any CPU
		{1F75EB8E-D0C5-440A-B471-C0D4A9A6EF6B}.Debug|Any CPU.Build.0 = Debug|Any CPU
		{1F75EB8E-D0C5-440A-B471-C0D4A9A6EF6B}.Release|Any CPU.ActiveCfg = Release|Any CPU
		{1F75EB8E-D0C5-440A-B471-C0D4A9A6EF6B}.Release|Any CPU.Build.0 = Release|Any CPU
	EndGlobalSection
	GlobalSection(SolutionProperties) = preSolution
		HideSolutionNode = FALSE
	EndGlobalSection
	GlobalSection(ExtensibilityGlobals) = postSolution
		SolutionGuid = {B520B7AC-6D1F-470F-B6B5-BDA4CA3176D0}
	EndGlobalSection
EndGlobal
