
Microsoft Visual Studio Solution File, Format Version 12.00
# Visual Studio Version 16
VisualStudioVersion = 16.0.30225.117
MinimumVisualStudioVersion = 10.0.40219.1
Project("{FAE04EC0-301F-11D3-BF4B-00C04F79EFBC}") = "Client", "Client\Client.csproj", "{95158723-0695-49C2-80B1-4AE8A9D43E2D}"
EndProject
Global
	GlobalSection(SolutionConfigurationPlatforms) = preSolution
		Debug|Any CPU = Debug|Any CPU
		Release|Any CPU = Release|Any CPU
	EndGlobalSection
	GlobalSection(ProjectConfigurationPlatforms) = postSolution
		{95158723-0695-49C2-80B1-4AE8A9D43E2D}.Debug|Any CPU.ActiveCfg = Debug|Any CPU
		{95158723-0695-49C2-80B1-4AE8A9D43E2D}.Debug|Any CPU.Build.0 = Debug|Any CPU
		{95158723-0695-49C2-80B1-4AE8A9D43E2D}.Release|Any CPU.ActiveCfg = Release|Any CPU
		{95158723-0695-49C2-80B1-4AE8A9D43E2D}.Release|Any CPU.Build.0 = Release|Any CPU
	EndGlobalSection
	GlobalSection(SolutionProperties) = preSolution
		HideSolutionNode = FALSE
	EndGlobalSection
	GlobalSection(ExtensibilityGlobals) = postSolution
		SolutionGuid = {9A505DA7-C5A9-4092-95C8-A9550F397D92}
	EndGlobalSection
EndGlobal
